
Microsoft Visual Studio Solution File, Format Version 12.00
# Visual Studio Version 17
VisualStudioVersion = 17.7.34031.279
MinimumVisualStudioVersion = 10.0.40219.1
Project("{00D1A9C2-B5F0-4AF3-8072-F6C62B433612}") = "BazaDanychBank", "BazaDanychBank\BazaDanychBank.sqlproj", "{4CB53A9A-8D4A-400E-9C9B-E6BCD2A837FB}"
EndProject
Global
	GlobalSection(SolutionConfigurationPlatforms) = preSolution
		Debug|Any CPU = Debug|Any CPU
		Release|Any CPU = Release|Any CPU
	EndGlobalSection
	GlobalSection(ProjectConfigurationPlatforms) = postSolution
		{4CB53A9A-8D4A-400E-9C9B-E6BCD2A837FB}.Debug|Any CPU.ActiveCfg = Debug|Any CPU
		{4CB53A9A-8D4A-400E-9C9B-E6BCD2A837FB}.Debug|Any CPU.Build.0 = Debug|Any CPU
		{4CB53A9A-8D4A-400E-9C9B-E6BCD2A837FB}.Debug|Any CPU.Deploy.0 = Debug|Any CPU
		{4CB53A9A-8D4A-400E-9C9B-E6BCD2A837FB}.Release|Any CPU.ActiveCfg = Release|Any CPU
		{4CB53A9A-8D4A-400E-9C9B-E6BCD2A837FB}.Release|Any CPU.Build.0 = Release|Any CPU
		{4CB53A9A-8D4A-400E-9C9B-E6BCD2A837FB}.Release|Any CPU.Deploy.0 = Release|Any CPU
	EndGlobalSection
	GlobalSection(SolutionProperties) = preSolution
		HideSolutionNode = FALSE
	EndGlobalSection
	GlobalSection(ExtensibilityGlobals) = postSolution
		SolutionGuid = {23910B65-4021-40DE-B2F8-A350DB56B41D}
	EndGlobalSection
EndGlobal
